<?xml version="1.0" encoding="utf-8"?>
<Project ToolsVersion="4.0" xmlns="http://schemas.microsoft.com/developer/msbuild/2003">
  <ItemGroup>
    <Filter Include="Source Files">
      <UniqueIdentifier>{4FC737F1-C7A5-4376-A066-2A32D752A2FF}</UniqueIdentifier>
      <Extensions>cpp;c;cc;cxx;c++;cppm;ixx;def;odl;idl;hpj;bat;asm;asmx</Extensions>
    </Filter>
    <Filter Include="Header Files">
      <UniqueIdentifier>{93995380-89BD-4b04-88EB-625FBE52EBFB}</UniqueIdentifier>
      <Extensions>h;hh;hpp;hxx;h++;hm;inl;inc;ipp;xsd</Extensions>
    </Filter>
    <Filter Include="Resource Files">
      <UniqueIdentifier>{67DA6AB6-F800-4c08-8B7A-83BB121AAD01}</UniqueIdentifier>
      <Extensions>rc;ico;cur;bmp;dlg;rc2;rct;bin;rgs;gif;jpg;jpeg;jpe;resx;tiff;tif;png;wav;mfcribbon-ms</Extensions>
    </Filter>
  </ItemGroup>
  <ItemGroup>
    <ClCompile Include="io.cpp">
      <Filter>Source Files</Filter>
    </ClCompile>
    <ClCompile Include="knnsearch.cpp">
      <Filter>Source Files</Filter>
    </ClCompile>
    <ClCompile Include="regressionplane.cpp">
      <Filter>Source Files</Filter>
    </ClCompile>
    <ClCompile Include="main.cpp">
      <Filter>Source Files</Filter>
    </ClCompile>
    <ClCompile Include="splitdataset.cpp">
      <Filter>Source Files</Filter>
    </ClCompile>
    <ClCompile Include="kdpointtile.cpp">
      <Filter>Source Files</Filter>
    </ClCompile>
    <ClCompile Include="dxfexport.cpp">
      <Filter>Source Files</Filter>
    </ClCompile>
    <ClCompile Include="gridindexing.cpp">
      <Filter>Source Files</Filter>
    </ClCompile>
    <ClCompile Include="ihfl.cpp">
      <Filter>Source Files</Filter>
    </ClCompile>
    <ClCompile Include="pca.cpp">
      <Filter>Source Files</Filter>
    </ClCompile>
    <ClCompile Include="rg_main.cpp">
      <Filter>Source Files</Filter>
    </ClCompile>
  </ItemGroup>
  <ItemGroup>
    <ClInclude Include="facility.h">
      <Filter>Header Files</Filter>
    </ClInclude>
    <ClInclude Include="io.h">
      <Filter>Header Files</Filter>
    </ClInclude>
    <ClInclude Include="kdpointtile.h">
      <Filter>Header Files</Filter>
    </ClInclude>
    <ClInclude Include="knnsearch.h">
      <Filter>Header Files</Filter>
    </ClInclude>
    <ClInclude Include="pfclustmetric.h">
      <Filter>Header Files</Filter>
    </ClInclude>
    <ClInclude Include="point3d.h">
      <Filter>Header Files</Filter>
    </ClInclude>
    <ClInclude Include="regressionplane.h">
      <Filter>Header Files</Filter>
    </ClInclude>
    <ClInclude Include="sortpoints3dbyx.h">
      <Filter>Header Files</Filter>
    </ClInclude>
    <ClInclude Include="sortpoints3dbyy.h">
      <Filter>Header Files</Filter>
    </ClInclude>
    <ClInclude Include="sortpoints3dbyz.h">
      <Filter>Header Files</Filter>
    </ClInclude>
    <ClInclude Include="sortpointsto3dbins.h">
      <Filter>Header Files</Filter>
    </ClInclude>
    <ClInclude Include="tvector.h">
      <Filter>Header Files</Filter>
    </ClInclude>
    <ClInclude Include="tvector2d.h">
      <Filter>Header Files</Filter>
    </ClInclude>
    <ClInclude Include="nanoflann.hpp">
      <Filter>Header Files</Filter>
    </ClInclude>
    <ClInclude Include="splitdataset.h">
      <Filter>Header Files</Filter>
    </ClInclude>
    <ClInclude Include="isfacilitysefordeletion.h">
      <Filter>Header Files</Filter>
    </ClInclude>
    <ClInclude Include="dxfexport.h">
      <Filter>Header Files</Filter>
    </ClInclude>
    <ClInclude Include="gridindexing.h">
      <Filter>Header Files</Filter>
    </ClInclude>
    <ClInclude Include="ihfl.h">
      <Filter>Header Files</Filter>
    </ClInclude>
    <ClInclude Include="utils.h">
      <Filter>Header Files</Filter>
    </ClInclude>
    <ClInclude Include="pca.h">
      <Filter>Header Files</Filter>
    </ClInclude>
    <ClInclude Include="pfregionmetric.h">
      <Filter>Header Files</Filter>
    </ClInclude>
    <ClInclude Include="region.h">
      <Filter>Header Files</Filter>
    </ClInclude>
  </ItemGroup>
</Project>